
Microsoft Visual Studio Solution File, Format Version 12.00
# Visual Studio Version 16
VisualStudioVersion = 16.0.29609.76
MinimumVisualStudioVersion = 10.0.40219.1
Project("{FAE04EC0-301F-11D3-BF4B-00C04F79EFBC}") = "TestProject", "TestProject\TestProject.csproj", "{01D8850A-0BB2-4A96-A91A-833014C738AD}"
EndProject
Project("{FAE04EC0-301F-11D3-BF4B-00C04F79EFBC}") = "DynamicDataLibrary", "DynamicDataLibrary\DynamicDataLibrary\DynamicDataLibrary.csproj", "{F130B92B-6A72-4616-A1CA-B597B4EC9212}"
EndProject
Global
	GlobalSection(SolutionConfigurationPlatforms) = preSolution
		Debug|Any CPU = Debug|Any CPU
		Release|Any CPU = Release|Any CPU
	EndGlobalSection
	GlobalSection(ProjectConfigurationPlatforms) = postSolution
		{01D8850A-0BB2-4A96-A91A-833014C738AD}.Debug|Any CPU.ActiveCfg = Debug|Any CPU
		{01D8850A-0BB2-4A96-A91A-833014C738AD}.Debug|Any CPU.Build.0 = Debug|Any CPU
		{01D8850A-0BB2-4A96-A91A-833014C738AD}.Release|Any CPU.ActiveCfg = Release|Any CPU
		{01D8850A-0BB2-4A96-A91A-833014C738AD}.Release|Any CPU.Build.0 = Release|Any CPU
		{F130B92B-6A72-4616-A1CA-B597B4EC9212}.Debug|Any CPU.ActiveCfg = Debug|Any CPU
		{F130B92B-6A72-4616-A1CA-B597B4EC9212}.Debug|Any CPU.Build.0 = Debug|Any CPU
		{F130B92B-6A72-4616-A1CA-B597B4EC9212}.Release|Any CPU.ActiveCfg = Release|Any CPU
		{F130B92B-6A72-4616-A1CA-B597B4EC9212}.Release|Any CPU.Build.0 = Release|Any CPU
	EndGlobalSection
	GlobalSection(SolutionProperties) = preSolution
		HideSolutionNode = FALSE
	EndGlobalSection
	GlobalSection(ExtensibilityGlobals) = postSolution
		SolutionGuid = {BD3B3809-EF29-452B-B838-70B77285A1F7}
	EndGlobalSection
EndGlobal
